{
    "hash": "495859969dd47dcd38d4426f4dd2ecba",
    "packages": [
        {
            "package": "kriswallsmith/buzz",
            "version": "dev-master",
            "source-reference": "2ba5da13b1b03590f0164b3fb61578078d671fcc",
            "commit-date": "1341070218"
        }
    ],
    "packages-dev": null,
    "aliases": [

    ],
    "minimum-stability": "dev",
    "stability-flags": [

    ]
}
